
Microsoft Visual Studio Solution File, Format Version 12.00
# Visual Studio Version 17
VisualStudioVersion = 17.5.002.0
MinimumVisualStudioVersion = 10.0.40219.1
Project("{9A19103F-16F7-4668-BE54-9A1E7A4F7556}") = "EventSourcingApp", "EventSourcingApp.csproj", "{5DD4C9DB-EF9C-4037-AAC3-F5D501FDFFF7}"
EndProject
Global
	GlobalSection(SolutionConfigurationPlatforms) = preSolution
		Debug|Any CPU = Debug|Any CPU
		Release|Any CPU = Release|Any CPU
	EndGlobalSection
	GlobalSection(ProjectConfigurationPlatforms) = postSolution
		{5DD4C9DB-EF9C-4037-AAC3-F5D501FDFFF7}.Debug|Any CPU.ActiveCfg = Debug|Any CPU
		{5DD4C9DB-EF9C-4037-AAC3-F5D501FDFFF7}.Debug|Any CPU.Build.0 = Debug|Any CPU
		{5DD4C9DB-EF9C-4037-AAC3-F5D501FDFFF7}.Release|Any CPU.ActiveCfg = Release|Any CPU
		{5DD4C9DB-EF9C-4037-AAC3-F5D501FDFFF7}.Release|Any CPU.Build.0 = Release|Any CPU
	EndGlobalSection
	GlobalSection(SolutionProperties) = preSolution
		HideSolutionNode = FALSE
	EndGlobalSection
	GlobalSection(ExtensibilityGlobals) = postSolution
		SolutionGuid = {6DCDD384-A043-471C-B0C9-14DED3391C56}
	EndGlobalSection
EndGlobal
